
Microsoft Visual Studio Solution File, Format Version 12.00
# Visual Studio 14
VisualStudioVersion = 14.0.25420.1
MinimumVisualStudioVersion = 10.0.40219.1
Project("{FAE04EC0-301F-11D3-BF4B-00C04F79EFBC}") = "VenmeWPF", "VenmeWPF\VenmeWPF.csproj", "{CA91F86B-4859-4B60-8FBA-FEE1CFD6B6AA}"
EndProject
Global
	GlobalSection(SolutionConfigurationPlatforms) = preSolution
		Debug|Any CPU = Debug|Any CPU
		Release|Any CPU = Release|Any CPU
	EndGlobalSection
	GlobalSection(ProjectConfigurationPlatforms) = postSolution
		{CA91F86B-4859-4B60-8FBA-FEE1CFD6B6AA}.Debug|Any CPU.ActiveCfg = Debug|Any CPU
		{CA91F86B-4859-4B60-8FBA-FEE1CFD6B6AA}.Debug|Any CPU.Build.0 = Debug|Any CPU
		{CA91F86B-4859-4B60-8FBA-FEE1CFD6B6AA}.Release|Any CPU.ActiveCfg = Release|Any CPU
		{CA91F86B-4859-4B60-8FBA-FEE1CFD6B6AA}.Release|Any CPU.Build.0 = Release|Any CPU
	EndGlobalSection
	GlobalSection(SolutionProperties) = preSolution
		HideSolutionNode = FALSE
	EndGlobalSection
EndGlobal
